
Microsoft Visual Studio Solution File, Format Version 12.00
# Visual Studio 15
VisualStudioVersion = 15.0.26730.16
MinimumVisualStudioVersion = 10.0.40219.1
Project("{888888A0-9F3D-457C-B088-3A5042F75D52}") = "siteGilmar", "siteGilmar\siteGilmar.pyproj", "{481D4875-A727-401F-BC8C-9297E797B068}"
EndProject
Global
	GlobalSection(SolutionConfigurationPlatforms) = preSolution
		Debug|Any CPU = Debug|Any CPU
		Release|Any CPU = Release|Any CPU
	EndGlobalSection
	GlobalSection(ProjectConfigurationPlatforms) = postSolution
		{481D4875-A727-401F-BC8C-9297E797B068}.Debug|Any CPU.ActiveCfg = Debug|Any CPU
		{481D4875-A727-401F-BC8C-9297E797B068}.Debug|Any CPU.Build.0 = Debug|Any CPU
		{481D4875-A727-401F-BC8C-9297E797B068}.Release|Any CPU.ActiveCfg = Release|Any CPU
		{481D4875-A727-401F-BC8C-9297E797B068}.Release|Any CPU.Build.0 = Release|Any CPU
	EndGlobalSection
	GlobalSection(SolutionProperties) = preSolution
		HideSolutionNode = FALSE
	EndGlobalSection
	GlobalSection(ExtensibilityGlobals) = postSolution
		SolutionGuid = {E666F6A5-9290-430C-A78F-BFE9CC4DBEDA}
	EndGlobalSection
EndGlobal
